// !$*UTF8*$!
{
	archiveVersion = 1;
	classes = {
	};
	objectVersion = 46;
	objects = {

/* Begin PBXBuildFile section */
		5B6490351A62BA1200812FFF /* main.m in Sources */ = {isa = PBXBuildFile; fileRef = 5B6490341A62BA1200812FFF /* main.m */; };
		5B6490381A62BA1200812FFF /* AppDelegate.m in Sources */ = {isa = PBXBuildFile; fileRef = 5B6490371A62BA1200812FFF /* AppDelegate.m */; };
		5B64903E1A62BA1200812FFF /* Main.storyboard in Resources */ = {isa = PBXBuildFile; fileRef = 5B64903C1A62BA1200812FFF /* Main.storyboard */; };
		5B6490401A62BA1200812FFF /* Images.xcassets in Resources */ = {isa = PBXBuildFile; fileRef = 5B64903F1A62BA1200812FFF /* Images.xcassets */; };
		5B6490431A62BA1200812FFF /* LaunchScreen.xib in Resources */ = {isa = PBXBuildFile; fileRef = 5B6490411A62BA1200812FFF /* LaunchScreen.xib */; };
		5B64904F1A62BA1200812FFF /* CATDatePickerTests.m in Sources */ = {isa = PBXBuildFile; fileRef = 5B64904E1A62BA1200812FFF /* CATDatePickerTests.m */; };
		5B6490611A62BB3300812FFF /* NSCalendar+CATKit.m in Sources */ = {isa = PBXBuildFile; fileRef = 5B64905A1A62BB3300812FFF /* NSCalendar+CATKit.m */; };
		5B6490621A62BB3300812FFF /* NSDate+CATKit.m in Sources */ = {isa = PBXBuildFile; fileRef = 5B64905C1A62BB3300812FFF /* NSDate+CATKit.m */; };
		5B6490631A62BB3300812FFF /* CATDatePicker.m in Sources */ = {isa = PBXBuildFile; fileRef = 5B64905E1A62BB3300812FFF /* CATDatePicker.m */; };
		5B6490641A62BB3300812FFF /* CATDatePickerLayout.m in Sources */ = {isa = PBXBuildFile; fileRef = 5B6490601A62BB3300812FFF /* CATDatePickerLayout.m */; };
		5B6490671A62C39C00812FFF /* CATCategoryViewController.m in Sources */ = {isa = PBXBuildFile; fileRef = 5B6490661A62C39C00812FFF /* CATCategoryViewController.m */; };
/* End PBXBuildFile section */

/* Begin PBXContainerItemProxy section */
		5B6490491A62BA1200812FFF /* PBXContainerItemProxy */ = {
			isa = PBXContainerItemProxy;
			containerPortal = 5B6490271A62BA1200812FFF /* Project object */;
			proxyType = 1;
			remoteGlobalIDString = 5B64902E1A62BA1200812FFF;
			remoteInfo = CATDatePicker;
		};
/* End PBXContainerItemProxy section */

/* Begin PBXFileReference section */
		5B64902F1A62BA1200812FFF /* CATDatePicker.app */ = {isa = PBXFileReference; explicitFileType = wrapper.application; includeInIndex = 0; path = CATDatePicker.app; sourceTree = BUILT_PRODUCTS_DIR; };
		5B6490331A62BA1200812FFF /* Info.plist */ = {isa = PBXFileReference; lastKnownFileType = text.plist.xml; path = Info.plist; sourceTree = "<group>"; };
		5B6490341A62BA1200812FFF /* main.m */ = {isa = PBXFileReference; lastKnownFileType = sourcecode.c.objc; path = main.m; sourceTree = "<group>"; };
		5B6490361A62BA1200812FFF /* AppDelegate.h */ = {isa = PBXFileReference; lastKnownFileType = sourcecode.c.h; path = AppDelegate.h; sourceTree = "<group>"; };
		5B6490371A62BA1200812FFF /* AppDelegate.m */ = {isa = PBXFileReference; lastKnownFileType = sourcecode.c.objc; path = AppDelegate.m; sourceTree = "<group>"; };
		5B64903D1A62BA1200812FFF /* Base */ = {isa = PBXFileReference; lastKnownFileType = file.storyboard; name = Base; path = Base.lproj/Main.storyboard; sourceTree = "<group>"; };
		5B64903F1A62BA1200812FFF /* Images.xcassets */ = {isa = PBXFileReference; lastKnownFileType = folder.assetcatalog; path = Images.xcassets; sourceTree = "<group>"; };
		5B6490421A62BA1200812FFF /* Base */ = {isa = PBXFileReference; lastKnownFileType = file.xib; name = Base; path = Base.lproj/LaunchScreen.xib; sourceTree = "<group>"; };
		5B6490481A62BA1200812FFF /* CATDatePickerTests.xctest */ = {isa = PBXFileReference; explicitFileType = wrapper.cfbundle; includeInIndex = 0; path = CATDatePickerTests.xctest; sourceTree = BUILT_PRODUCTS_DIR; };
		5B64904D1A62BA1200812FFF /* Info.plist */ = {isa = PBXFileReference; lastKnownFileType = text.plist.xml; path = Info.plist; sourceTree = "<group>"; };
		5B64904E1A62BA1200812FFF /* CATDatePickerTests.m */ = {isa = PBXFileReference; lastKnownFileType = sourcecode.c.objc; path = CATDatePickerTests.m; sourceTree = "<group>"; };
		5B6490591A62BB3300812FFF /* NSCalendar+CATKit.h */ = {isa = PBXFileReference; fileEncoding = 4; lastKnownFileType = sourcecode.c.h; path = "NSCalendar+CATKit.h"; sourceTree = "<group>"; };
		5B64905A1A62BB3300812FFF /* NSCalendar+CATKit.m */ = {isa = PBXFileReference; fileEncoding = 4; lastKnownFileType = sourcecode.c.objc; path = "NSCalendar+CATKit.m"; sourceTree = "<group>"; };
		5B64905B1A62BB3300812FFF /* NSDate+CATKit.h */ = {isa = PBXFileReference; fileEncoding = 4; lastKnownFileType = sourcecode.c.h; path = "NSDate+CATKit.h"; sourceTree = "<group>"; };
		5B64905C1A62BB3300812FFF /* NSDate+CATKit.m */ = {isa = PBXFileReference; fileEncoding = 4; lastKnownFileType = sourcecode.c.objc; path = "NSDate+CATKit.m"; sourceTree = "<group>"; };
		5B64905D1A62BB3300812FFF /* CATDatePicker.h */ = {isa = PBXFileReference; fileEncoding = 4; lastKnownFileType = sourcecode.c.h; path = CATDatePicker.h; sourceTree = "<group>"; };
		5B64905E1A62BB3300812FFF /* CATDatePicker.m */ = {isa = PBXFileReference; fileEncoding = 4; lastKnownFileType = sourcecode.c.objc; path = CATDatePicker.m; sourceTree = "<group>"; };
		5B64905F1A62BB3300812FFF /* CATDatePickerLayout.h */ = {isa = PBXFileReference; fileEncoding = 4; lastKnownFileType = sourcecode.c.h; path = CATDatePickerLayout.h; sourceTree = "<group>"; };
		5B6490601A62BB3300812FFF /* CATDatePickerLayout.m */ = {isa = PBXFileReference; fileEncoding = 4; lastKnownFileType = sourcecode.c.objc; path = CATDatePickerLayout.m; sourceTree = "<group>"; };
		5B6490651A62C39C00812FFF /* CATCategoryViewController.h */ = {isa = PBXFileReference; fileEncoding = 4; lastKnownFileType = sourcecode.c.h; path = CATCategoryViewController.h; sourceTree = "<group>"; };
		5B6490661A62C39C00812FFF /* CATCategoryViewController.m */ = {isa = PBXFileReference; fileEncoding = 4; lastKnownFileType = sourcecode.c.objc; path = CATCategoryViewController.m; sourceTree = "<group>"; };
/* End PBXFileReference section */

/* Begin PBXFrameworksBuildPhase section */
		5B64902C1A62BA1200812FFF /* Frameworks */ = {
			isa = PBXFrameworksBuildPhase;
			buildActionMask = 2147483647;
			files = (
			);
			runOnlyForDeploymentPostprocessing = 0;
		};
		5B6490451A62BA1200812FFF /* Frameworks */ = {
			isa = PBXFrameworksBuildPhase;
			buildActionMask = 2147483647;
			files = (
			);
			runOnlyForDeploymentPostprocessing = 0;
		};
/* End PBXFrameworksBuildPhase section */

/* Begin PBXGroup section */
		5B6490261A62BA1200812FFF = {
			isa = PBXGroup;
			children = (
				5B6490311A62BA1200812FFF /* CATDatePicker */,
				5B64904B1A62BA1200812FFF /* CATDatePickerTests */,
				5B6490301A62BA1200812FFF /* Products */,
			);
			sourceTree = "<group>";
		};
		5B6490301A62BA1200812FFF /* Products */ = {
			isa = PBXGroup;
			children = (
				5B64902F1A62BA1200812FFF /* CATDatePicker.app */,
				5B6490481A62BA1200812FFF /* CATDatePickerTests.xctest */,
			);
			name = Products;
			sourceTree = "<group>";
		};
		5B6490311A62BA1200812FFF /* CATDatePicker */ = {
			isa = PBXGroup;
			children = (
				5B6490361A62BA1200812FFF /* AppDelegate.h */,
				5B6490371A62BA1200812FFF /* AppDelegate.m */,
				5B6490651A62C39C00812FFF /* CATCategoryViewController.h */,
				5B6490661A62C39C00812FFF /* CATCategoryViewController.m */,
				5B6490581A62BB1B00812FFF /* CATDatePicker */,
				5B64903F1A62BA1200812FFF /* Images.xcassets */,
				5B6490411A62BA1200812FFF /* LaunchScreen.xib */,
				5B64903C1A62BA1200812FFF /* Main.storyboard */,
				5B6490321A62BA1200812FFF /* Supporting Files */,
			);
			path = CATDatePicker;
			sourceTree = "<group>";
		};
		5B6490321A62BA1200812FFF /* Supporting Files */ = {
			isa = PBXGroup;
			children = (
				5B6490331A62BA1200812FFF /* Info.plist */,
				5B6490341A62BA1200812FFF /* main.m */,
			);
			name = "Supporting Files";
			sourceTree = "<group>";
		};
		5B64904B1A62BA1200812FFF /* CATDatePickerTests */ = {
			isa = PBXGroup;
			children = (
				5B64904E1A62BA1200812FFF /* CATDatePickerTests.m */,
				5B64904C1A62BA1200812FFF /* Supporting Files */,
			);
			path = CATDatePickerTests;
			sourceTree = "<group>";
		};
		5B64904C1A62BA1200812FFF /* Supporting Files */ = {
			isa = PBXGroup;
			children = (
				5B64904D1A62BA1200812FFF /* Info.plist */,
			);
			name = "Supporting Files";
			sourceTree = "<group>";
		};
		5B6490581A62BB1B00812FFF /* CATDatePicker */ = {
			isa = PBXGroup;
			children = (
				5B6490591A62BB3300812FFF /* NSCalendar+CATKit.h */,
				5B64905A1A62BB3300812FFF /* NSCalendar+CATKit.m */,
				5B64905B1A62BB3300812FFF /* NSDate+CATKit.h */,
				5B64905C1A62BB3300812FFF /* NSDate+CATKit.m */,
				5B64905D1A62BB3300812FFF /* CATDatePicker.h */,
				5B64905E1A62BB3300812FFF /* CATDatePicker.m */,
				5B64905F1A62BB3300812FFF /* CATDatePickerLayout.h */,
				5B6490601A62BB3300812FFF /* CATDatePickerLayout.m */,
			);
			path = CATDatePicker;
			sourceTree = "<group>";
		};
/* End PBXGroup section */

/* Begin PBXNativeTarget section */
		5B64902E1A62BA1200812FFF /* CATDatePicker */ = {
			isa = PBXNativeTarget;
			buildConfigurationList = 5B6490521A62BA1200812FFF /* Build configuration list for PBXNativeTarget "CATDatePicker" */;
			buildPhases = (
				5B64902B1A62BA1200812FFF /* Sources */,
				5B64902C1A62BA1200812FFF /* Frameworks */,
				5B64902D1A62BA1200812FFF /* Resources */,
			);
			buildRules = (
			);
			dependencies = (
			);
			name = CATDatePicker;
			productName = CATDatePicker;
			productReference = 5B64902F1A62BA1200812FFF /* CATDatePicker.app */;
			productType = "com.apple.product-type.application";
		};
		5B6490471A62BA1200812FFF /* CATDatePickerTests */ = {
			isa = PBXNativeTarget;
			buildConfigurationList = 5B6490551A62BA1200812FFF /* Build configuration list for PBXNativeTarget "CATDatePickerTests" */;
			buildPhases = (
				5B6490441A62BA1200812FFF /* Sources */,
				5B6490451A62BA1200812FFF /* Frameworks */,
				5B6490461A62BA1200812FFF /* Resources */,
			);
			buildRules = (
			);
			dependencies = (
				5B64904A1A62BA1200812FFF /* PBXTargetDependency */,
			);
			name = CATDatePickerTests;
			productName = CATDatePickerTests;
			productReference = 5B6490481A62BA1200812FFF /* CATDatePickerTests.xctest */;
			productType = "com.apple.product-type.bundle.unit-test";
		};
/* End PBXNativeTarget section */

/* Begin PBXProject section */
		5B6490271A62BA1200812FFF /* Project object */ = {
			isa = PBXProject;
			attributes = {
				LastUpgradeCheck = 0610;
				ORGANIZATIONNAME = cat;
				TargetAttributes = {
					5B64902E1A62BA1200812FFF = {
						CreatedOnToolsVersion = 6.1.1;
					};
					5B6490471A62BA1200812FFF = {
						CreatedOnToolsVersion = 6.1.1;
						TestTargetID = 5B64902E1A62BA1200812FFF;
					};
				};
			};
			buildConfigurationList = 5B64902A1A62BA1200812FFF /* Build configuration list for PBXProject "CATDatePicker" */;
			compatibilityVersion = "Xcode 3.2";
			developmentRegion = English;
			hasScannedForEncodings = 0;
			knownRegions = (
				en,
				Base,
			);
			mainGroup = 5B6490261A62BA1200812FFF;
			productRefGroup = 5B6490301A62BA1200812FFF /* Products */;
			projectDirPath = "";
			projectRoot = "";
			targets = (
				5B64902E1A62BA1200812FFF /* CATDatePicker */,
				5B6490471A62BA1200812FFF /* CATDatePickerTests */,
			);
		};
/* End PBXProject section */

/* Begin PBXResourcesBuildPhase section */
		5B64902D1A62BA1200812FFF /* Resources */ = {
			isa = PBXResourcesBuildPhase;
			buildActionMask = 2147483647;
			files = (
				5B64903E1A62BA1200812FFF /* Main.storyboard in Resources */,
				5B6490431A62BA1200812FFF /* LaunchScreen.xib in Resources */,
				5B6490401A62BA1200812FFF /* Images.xcassets in Resources */,
			);
			runOnlyForDeploymentPostprocessing = 0;
		};
		5B6490461A62BA1200812FFF /* Resources */ = {
			isa = PBXResourcesBuildPhase;
			buildActionMask = 2147483647;
			files = (
			);
			runOnlyForDeploymentPostprocessing = 0;
		};
/* End PBXResourcesBuildPhase section */

/* Begin PBXSourcesBuildPhase section */
		5B64902B1A62BA1200812FFF /* Sources */ = {
			isa = PBXSourcesBuildPhase;
			buildActionMask = 2147483647;
			files = (
				5B6490611A62BB3300812FFF /* NSCalendar+CATKit.m in Sources */,
				5B6490641A62BB3300812FFF /* CATDatePickerLayout.m in Sources */,
				5B6490631A62BB3300812FFF /* CATDatePicker.m in Sources */,
				5B6490381A62BA1200812FFF /* AppDelegate.m in Sources */,
				5B6490621A62BB3300812FFF /* NSDate+CATKit.m in Sources */,
				5B6490671A62C39C00812FFF /* CATCategoryViewController.m in Sources */,
				5B6490351A62BA1200812FFF /* main.m in Sources */,
			);
			runOnlyForDeploymentPostprocessing = 0;
		};
		5B6490441A62BA1200812FFF /* Sources */ = {
			isa = PBXSourcesBuildPhase;
			buildActionMask = 2147483647;
			files = (
				5B64904F1A62BA1200812FFF /* CATDatePickerTests.m in Sources */,
			);
			runOnlyForDeploymentPostprocessing = 0;
		};
/* End PBXSourcesBuildPhase section */

/* Begin PBXTargetDependency section */
		5B64904A1A62BA1200812FFF /* PBXTargetDependency */ = {
			isa = PBXTargetDependency;
			target = 5B64902E1A62BA1200812FFF /* CATDatePicker */;
			targetProxy = 5B6490491A62BA1200812FFF /* PBXContainerItemProxy */;
		};
/* End PBXTargetDependency section */

/* Begin PBXVariantGroup section */
		5B64903C1A62BA1200812FFF /* Main.storyboard */ = {
			isa = PBXVariantGroup;
			children = (
				5B64903D1A62BA1200812FFF /* Base */,
			);
			name = Main.storyboard;
			sourceTree = "<group>";
		};
		5B6490411A62BA1200812FFF /* LaunchScreen.xib */ = {
			isa = PBXVariantGroup;
			children = (
				5B6490421A62BA1200812FFF /* Base */,
			);
			name = LaunchScreen.xib;
			sourceTree = "<group>";
		};
/* End PBXVariantGroup section */

/* Begin XCBuildConfiguration section */
		5B6490501A62BA1200812FFF /* Debug */ = {
			isa = XCBuildConfiguration;
			buildSettings = {
				ALWAYS_SEARCH_USER_PATHS = NO;
				CLANG_CXX_LANGUAGE_STANDARD = "gnu++0x";
				CLANG_CXX_LIBRARY = "libc++";
				CLANG_ENABLE_MODULES = YES;
				CLANG_ENABLE_OBJC_ARC = YES;
				CLANG_WARN_BOOL_CONVERSION = YES;
				CLANG_WARN_CONSTANT_CONVERSION = YES;
				CLANG_WARN_DIRECT_OBJC_ISA_USAGE = YES_ERROR;
				CLANG_WARN_EMPTY_BODY = YES;
				CLANG_WARN_ENUM_CONVERSION = YES;
				CLANG_WARN_INT_CONVERSION = YES;
				CLANG_WARN_OBJC_ROOT_CLASS = YES_ERROR;
				CLANG_WARN_UNREACHABLE_CODE = YES;
				CLANG_WARN__DUPLICATE_METHOD_MATCH = YES;
				"CODE_SIGN_IDENTITY[sdk=iphoneos*]" = "iPhone Developer";
				COPY_PHASE_STRIP = NO;
				ENABLE_STRICT_OBJC_MSGSEND = YES;
				GCC_C_LANGUAGE_STANDARD = gnu99;
				GCC_DYNAMIC_NO_PIC = NO;
				GCC_OPTIMIZATION_LEVEL = 0;
				GCC_PREPROCESSOR_DEFINITIONS = (
					"DEBUG=1",
					"$(inherited)",
				);
				GCC_SYMBOLS_PRIVATE_EXTERN = NO;
				GCC_WARN_64_TO_32_BIT_CONVERSION = YES;
				GCC_WARN_ABOUT_RETURN_TYPE = YES_ERROR;
				GCC_WARN_UNDECLARED_SELECTOR = YES;
				GCC_WARN_UNINITIALIZED_AUTOS = YES_AGGRESSIVE;
				GCC_WARN_UNUSED_FUNCTION = YES;
				GCC_WARN_UNUSED_VARIABLE = YES;
				IPHONEOS_DEPLOYMENT_TARGET = 8.1;
				MTL_ENABLE_DEBUG_INFO = YES;
				ONLY_ACTIVE_ARCH = YES;
				SDKROOT = iphoneos;
			};
			name = Debug;
		};
		5B6490511A62BA1200812FFF /* Release */ = {
			isa = XCBuildConfiguration;
			buildSettings = {
				ALWAYS_SEARCH_USER_PATHS = NO;
				CLANG_CXX_LANGUAGE_STANDARD = "gnu++0x";
				CLANG_CXX_LIBRARY = "libc++";
				CLANG_ENABLE_MODULES = YES;
				CLANG_ENABLE_OBJC_ARC = YES;
				CLANG_WARN_BOOL_CONVERSION = YES;
				CLANG_WARN_CONSTANT_CONVERSION = YES;
				CLANG_WARN_DIRECT_OBJC_ISA_USAGE = YES_ERROR;
				CLANG_WARN_EMPTY_BODY = YES;
				CLANG_WARN_ENUM_CONVERSION = YES;
				CLANG_WARN_INT_CONVERSION = YES;
				CLANG_WARN_OBJC_ROOT_CLASS = YES_ERROR;
				CLANG_WARN_UNREACHABLE_CODE = YES;
				CLANG_WARN__DUPLICATE_METHOD_MATCH = YES;
				"CODE_SIGN_IDENTITY[sdk=iphoneos*]" = "iPhone Developer";
				COPY_PHASE_STRIP = YES;
				ENABLE_NS_ASSERTIONS = NO;
				ENABLE_STRICT_OBJC_MSGSEND = YES;
				GCC_C_LANGUAGE_STANDARD = gnu99;
				GCC_WARN_64_TO_32_BIT_CONVERSION = YES;
				GCC_WARN_ABOUT_RETURN_TYPE = YES_ERROR;
				GCC_WARN_UNDECLARED_SELECTOR = YES;
				GCC_WARN_UNINITIALIZED_AUTOS = YES_AGGRESSIVE;
				GCC_WARN_UNUSED_FUNCTION = YES;
				GCC_WARN_UNUSED_VARIABLE = YES;
				IPHONEOS_DEPLOYMENT_TARGET = 8.1;
				MTL_ENABLE_DEBUG_INFO = NO;
				SDKROOT = iphoneos;
				VALIDATE_PRODUCT = YES;
			};
			name = Release;
		};
		5B6490531A62BA1200812FFF /* Debug */ = {
			isa = XCBuildConfiguration;
			buildSettings = {
				ASSETCATALOG_COMPILER_APPICON_NAME = AppIcon;
				INFOPLIST_FILE = CATDatePicker/Info.plist;
				LD_RUNPATH_SEARCH_PATHS = "$(inherited) @executable_path/Frameworks";
				PRODUCT_NAME = "$(TARGET_NAME)";
			};
			name = Debug;
		};
		5B6490541A62BA1200812FFF /* Release */ = {
			isa = XCBuildConfiguration;
			buildSettings = {
				ASSETCATALOG_COMPILER_APPICON_NAME = AppIcon;
				INFOPLIST_FILE = CATDatePicker/Info.plist;
				LD_RUNPATH_SEARCH_PATHS = "$(inherited) @executable_path/Frameworks";
				PRODUCT_NAME = "$(TARGET_NAME)";
			};
			name = Release;
		};
		5B6490561A62BA1200812FFF /* Debug */ = {
			isa = XCBuildConfiguration;
			buildSettings = {
				BUNDLE_LOADER = "$(TEST_HOST)";
				FRAMEWORK_SEARCH_PATHS = (
					"$(SDKROOT)/Developer/Library/Frameworks",
					"$(inherited)",
				);
				GCC_PREPROCESSOR_DEFINITIONS = (
					"DEBUG=1",
					"$(inherited)",
				);
				INFOPLIST_FILE = CATDatePickerTests/Info.plist;
				LD_RUNPATH_SEARCH_PATHS = "$(inherited) @executable_path/Frameworks @loader_path/Frameworks";
				PRODUCT_NAME = "$(TARGET_NAME)";
				TEST_HOST = "$(BUILT_PRODUCTS_DIR)/CATDatePicker.app/CATDatePicker";
			};
			name = Debug;
		};
		5B6490571A62BA1200812FFF /* Release */ = {
			isa = XCBuildConfiguration;
			buildSettings = {
				BUNDLE_LOADER = "$(TEST_HOST)";
				FRAMEWORK_SEARCH_PATHS = (
					"$(SDKROOT)/Developer/Library/Frameworks",
					"$(inherited)",
				);
				INFOPLIST_FILE = CATDatePickerTests/Info.plist;
				LD_RUNPATH_SEARCH_PATHS = "$(inherited) @executable_path/Frameworks @loader_path/Frameworks";
				PRODUCT_NAME = "$(TARGET_NAME)";
				TEST_HOST = "$(BUILT_PRODUCTS_DIR)/CATDatePicker.app/CATDatePicker";
			};
			name = Release;
		};
/* End XCBuildConfiguration section */

/* Begin XCConfigurationList section */
		5B64902A1A62BA1200812FFF /* Build configuration list for PBXProject "CATDatePicker" */ = {
			isa = XCConfigurationList;
			buildConfigurations = (
				5B6490501A62BA1200812FFF /* Debug */,
				5B6490511A62BA1200812FFF /* Release */,
			);
			defaultConfigurationIsVisible = 0;
			defaultConfigurationName = Release;
		};
		5B6490521A62BA1200812FFF /* Build configuration list for PBXNativeTarget "CATDatePicker" */ = {
			isa = XCConfigurationList;
			buildConfigurations = (
				5B6490531A62BA1200812FFF /* Debug */,
				5B6490541A62BA1200812FFF /* Release */,
			);
			defaultConfigurationIsVisible = 0;
			defaultConfigurationName = Release;
		};
		5B6490551A62BA1200812FFF /* Build configuration list for PBXNativeTarget "CATDatePickerTests" */ = {
			isa = XCConfigurationList;
			buildConfigurations = (
				5B6490561A62BA1200812FFF /* Debug */,
				5B6490571A62BA1200812FFF /* Release */,
			);
			defaultConfigurationIsVisible = 0;
			defaultConfigurationName = Release;
		};
/* End XCConfigurationList section */
	};
	rootObject = 5B6490271A62BA1200812FFF /* Project object */;
}
