// !$*UTF8*$!
{
	archiveVersion = 1;
	classes = {
	};
	objectVersion = 46;
	objects = {

/* Begin PBXBuildFile section */
		5B428C541A960B9600C7283B /* main.m in Sources */ = {isa = PBXBuildFile; fileRef = 5B428C531A960B9600C7283B /* main.m */; };
		5B428C571A960B9600C7283B /* AppDelegate.m in Sources */ = {isa = PBXBuildFile; fileRef = 5B428C561A960B9600C7283B /* AppDelegate.m */; };
		5B428C5F1A960B9600C7283B /* Images.xcassets in Resources */ = {isa = PBXBuildFile; fileRef = 5B428C5E1A960B9600C7283B /* Images.xcassets */; };
		5B428C621A960B9600C7283B /* LaunchScreen.xib in Resources */ = {isa = PBXBuildFile; fileRef = 5B428C601A960B9600C7283B /* LaunchScreen.xib */; };
		5B428C6E1A960B9700C7283B /* DemoTests.m in Sources */ = {isa = PBXBuildFile; fileRef = 5B428C6D1A960B9700C7283B /* DemoTests.m */; };
		5B428C781A960C5200C7283B /* CATCategoryViewController.m in Sources */ = {isa = PBXBuildFile; fileRef = 5B428C761A960C5200C7283B /* CATCategoryViewController.m */; };
		5B428C791A960C5200C7283B /* Main.storyboard in Resources */ = {isa = PBXBuildFile; fileRef = 5B428C771A960C5200C7283B /* Main.storyboard */; };
		5B428C821A960C7400C7283B /* CATDatePicker.m in Sources */ = {isa = PBXBuildFile; fileRef = 5B428C7B1A960C7400C7283B /* CATDatePicker.m */; };
		5B428C831A960C7400C7283B /* CATDatePickerLayout.m in Sources */ = {isa = PBXBuildFile; fileRef = 5B428C7D1A960C7400C7283B /* CATDatePickerLayout.m */; };
		5B428C841A960C7400C7283B /* NSCalendar+CATKit.m in Sources */ = {isa = PBXBuildFile; fileRef = 5B428C7F1A960C7400C7283B /* NSCalendar+CATKit.m */; };
		5B428C851A960C7400C7283B /* NSDate+CATKit.m in Sources */ = {isa = PBXBuildFile; fileRef = 5B428C811A960C7400C7283B /* NSDate+CATKit.m */; };
/* End PBXBuildFile section */

/* Begin PBXContainerItemProxy section */
		5B428C681A960B9600C7283B /* PBXContainerItemProxy */ = {
			isa = PBXContainerItemProxy;
			containerPortal = 5B6490271A62BA1200812FFF /* Project object */;
			proxyType = 1;
			remoteGlobalIDString = 5B428C4E1A960B9600C7283B;
			remoteInfo = Demo;
		};
/* End PBXContainerItemProxy section */

/* Begin PBXFileReference section */
		5B428C4F1A960B9600C7283B /* Demo.app */ = {isa = PBXFileReference; explicitFileType = wrapper.application; includeInIndex = 0; path = Demo.app; sourceTree = BUILT_PRODUCTS_DIR; };
		5B428C521A960B9600C7283B /* Info.plist */ = {isa = PBXFileReference; lastKnownFileType = text.plist.xml; path = Info.plist; sourceTree = "<group>"; };
		5B428C531A960B9600C7283B /* main.m */ = {isa = PBXFileReference; lastKnownFileType = sourcecode.c.objc; path = main.m; sourceTree = "<group>"; };
		5B428C551A960B9600C7283B /* AppDelegate.h */ = {isa = PBXFileReference; lastKnownFileType = sourcecode.c.h; path = AppDelegate.h; sourceTree = "<group>"; };
		5B428C561A960B9600C7283B /* AppDelegate.m */ = {isa = PBXFileReference; lastKnownFileType = sourcecode.c.objc; path = AppDelegate.m; sourceTree = "<group>"; };
		5B428C5E1A960B9600C7283B /* Images.xcassets */ = {isa = PBXFileReference; lastKnownFileType = folder.assetcatalog; path = Images.xcassets; sourceTree = "<group>"; };
		5B428C611A960B9600C7283B /* Base */ = {isa = PBXFileReference; lastKnownFileType = file.xib; name = Base; path = Base.lproj/LaunchScreen.xib; sourceTree = "<group>"; };
		5B428C671A960B9600C7283B /* DemoTests.xctest */ = {isa = PBXFileReference; explicitFileType = wrapper.cfbundle; includeInIndex = 0; path = DemoTests.xctest; sourceTree = BUILT_PRODUCTS_DIR; };
		5B428C6C1A960B9700C7283B /* Info.plist */ = {isa = PBXFileReference; lastKnownFileType = text.plist.xml; path = Info.plist; sourceTree = "<group>"; };
		5B428C6D1A960B9700C7283B /* DemoTests.m */ = {isa = PBXFileReference; lastKnownFileType = sourcecode.c.objc; path = DemoTests.m; sourceTree = "<group>"; };
		5B428C751A960C5200C7283B /* CATCategoryViewController.h */ = {isa = PBXFileReference; fileEncoding = 4; lastKnownFileType = sourcecode.c.h; path = CATCategoryViewController.h; sourceTree = "<group>"; };
		5B428C761A960C5200C7283B /* CATCategoryViewController.m */ = {isa = PBXFileReference; fileEncoding = 4; lastKnownFileType = sourcecode.c.objc; path = CATCategoryViewController.m; sourceTree = "<group>"; };
		5B428C771A960C5200C7283B /* Main.storyboard */ = {isa = PBXFileReference; fileEncoding = 4; lastKnownFileType = file.storyboard; path = Main.storyboard; sourceTree = "<group>"; };
		5B428C7A1A960C7400C7283B /* CATDatePicker.h */ = {isa = PBXFileReference; fileEncoding = 4; lastKnownFileType = sourcecode.c.h; path = CATDatePicker.h; sourceTree = "<group>"; };
		5B428C7B1A960C7400C7283B /* CATDatePicker.m */ = {isa = PBXFileReference; fileEncoding = 4; lastKnownFileType = sourcecode.c.objc; path = CATDatePicker.m; sourceTree = "<group>"; };
		5B428C7C1A960C7400C7283B /* CATDatePickerLayout.h */ = {isa = PBXFileReference; fileEncoding = 4; lastKnownFileType = sourcecode.c.h; path = CATDatePickerLayout.h; sourceTree = "<group>"; };
		5B428C7D1A960C7400C7283B /* CATDatePickerLayout.m */ = {isa = PBXFileReference; fileEncoding = 4; lastKnownFileType = sourcecode.c.objc; path = CATDatePickerLayout.m; sourceTree = "<group>"; };
		5B428C7E1A960C7400C7283B /* NSCalendar+CATKit.h */ = {isa = PBXFileReference; fileEncoding = 4; lastKnownFileType = sourcecode.c.h; path = "NSCalendar+CATKit.h"; sourceTree = "<group>"; };
		5B428C7F1A960C7400C7283B /* NSCalendar+CATKit.m */ = {isa = PBXFileReference; fileEncoding = 4; lastKnownFileType = sourcecode.c.objc; path = "NSCalendar+CATKit.m"; sourceTree = "<group>"; };
		5B428C801A960C7400C7283B /* NSDate+CATKit.h */ = {isa = PBXFileReference; fileEncoding = 4; lastKnownFileType = sourcecode.c.h; path = "NSDate+CATKit.h"; sourceTree = "<group>"; };
		5B428C811A960C7400C7283B /* NSDate+CATKit.m */ = {isa = PBXFileReference; fileEncoding = 4; lastKnownFileType = sourcecode.c.objc; path = "NSDate+CATKit.m"; sourceTree = "<group>"; };
/* End PBXFileReference section */

/* Begin PBXFrameworksBuildPhase section */
		5B428C4C1A960B9600C7283B /* Frameworks */ = {
			isa = PBXFrameworksBuildPhase;
			buildActionMask = 2147483647;
			files = (
			);
			runOnlyForDeploymentPostprocessing = 0;
		};
		5B428C641A960B9600C7283B /* Frameworks */ = {
			isa = PBXFrameworksBuildPhase;
			buildActionMask = 2147483647;
			files = (
			);
			runOnlyForDeploymentPostprocessing = 0;
		};
/* End PBXFrameworksBuildPhase section */

/* Begin PBXGroup section */
		5B428C501A960B9600C7283B /* Demo */ = {
			isa = PBXGroup;
			children = (
				5B428C551A960B9600C7283B /* AppDelegate.h */,
				5B428C561A960B9600C7283B /* AppDelegate.m */,
				5B428C751A960C5200C7283B /* CATCategoryViewController.h */,
				5B428C761A960C5200C7283B /* CATCategoryViewController.m */,
				5B428C5E1A960B9600C7283B /* Images.xcassets */,
				5B428C601A960B9600C7283B /* LaunchScreen.xib */,
				5B428C771A960C5200C7283B /* Main.storyboard */,
				5B428C511A960B9600C7283B /* Supporting Files */,
			);
			path = Demo;
			sourceTree = "<group>";
		};
		5B428C511A960B9600C7283B /* Supporting Files */ = {
			isa = PBXGroup;
			children = (
				5B428C521A960B9600C7283B /* Info.plist */,
				5B428C531A960B9600C7283B /* main.m */,
			);
			name = "Supporting Files";
			sourceTree = "<group>";
		};
		5B428C6A1A960B9700C7283B /* DemoTests */ = {
			isa = PBXGroup;
			children = (
				5B428C6D1A960B9700C7283B /* DemoTests.m */,
				5B428C6B1A960B9700C7283B /* Supporting Files */,
			);
			path = DemoTests;
			sourceTree = "<group>";
		};
		5B428C6B1A960B9700C7283B /* Supporting Files */ = {
			isa = PBXGroup;
			children = (
				5B428C6C1A960B9700C7283B /* Info.plist */,
			);
			name = "Supporting Files";
			sourceTree = "<group>";
		};
		5B6490261A62BA1200812FFF = {
			isa = PBXGroup;
			children = (
				5B6490311A62BA1200812FFF /* CATDatePicker */,
				5B428C501A960B9600C7283B /* Demo */,
				5B428C6A1A960B9700C7283B /* DemoTests */,
				5B6490301A62BA1200812FFF /* Products */,
			);
			sourceTree = "<group>";
		};
		5B6490301A62BA1200812FFF /* Products */ = {
			isa = PBXGroup;
			children = (
				5B428C4F1A960B9600C7283B /* Demo.app */,
				5B428C671A960B9600C7283B /* DemoTests.xctest */,
			);
			name = Products;
			sourceTree = "<group>";
		};
		5B6490311A62BA1200812FFF /* CATDatePicker */ = {
			isa = PBXGroup;
			children = (
				5B428C7A1A960C7400C7283B /* CATDatePicker.h */,
				5B428C7B1A960C7400C7283B /* CATDatePicker.m */,
				5B428C7C1A960C7400C7283B /* CATDatePickerLayout.h */,
				5B428C7D1A960C7400C7283B /* CATDatePickerLayout.m */,
				5B428C7E1A960C7400C7283B /* NSCalendar+CATKit.h */,
				5B428C7F1A960C7400C7283B /* NSCalendar+CATKit.m */,
				5B428C801A960C7400C7283B /* NSDate+CATKit.h */,
				5B428C811A960C7400C7283B /* NSDate+CATKit.m */,
			);
			path = CATDatePicker;
			sourceTree = "<group>";
		};
/* End PBXGroup section */

/* Begin PBXNativeTarget section */
		5B428C4E1A960B9600C7283B /* Demo */ = {
			isa = PBXNativeTarget;
			buildConfigurationList = 5B428C731A960B9700C7283B /* Build configuration list for PBXNativeTarget "Demo" */;
			buildPhases = (
				5B428C4B1A960B9600C7283B /* Sources */,
				5B428C4C1A960B9600C7283B /* Frameworks */,
				5B428C4D1A960B9600C7283B /* Resources */,
			);
			buildRules = (
			);
			dependencies = (
			);
			name = Demo;
			productName = Demo;
			productReference = 5B428C4F1A960B9600C7283B /* Demo.app */;
			productType = "com.apple.product-type.application";
		};
		5B428C661A960B9600C7283B /* DemoTests */ = {
			isa = PBXNativeTarget;
			buildConfigurationList = 5B428C741A960B9700C7283B /* Build configuration list for PBXNativeTarget "DemoTests" */;
			buildPhases = (
				5B428C631A960B9600C7283B /* Sources */,
				5B428C641A960B9600C7283B /* Frameworks */,
				5B428C651A960B9600C7283B /* Resources */,
			);
			buildRules = (
			);
			dependencies = (
				5B428C691A960B9600C7283B /* PBXTargetDependency */,
			);
			name = DemoTests;
			productName = DemoTests;
			productReference = 5B428C671A960B9600C7283B /* DemoTests.xctest */;
			productType = "com.apple.product-type.bundle.unit-test";
		};
/* End PBXNativeTarget section */

/* Begin PBXProject section */
		5B6490271A62BA1200812FFF /* Project object */ = {
			isa = PBXProject;
			attributes = {
				LastUpgradeCheck = 0610;
				ORGANIZATIONNAME = cat;
				TargetAttributes = {
					5B428C4E1A960B9600C7283B = {
						CreatedOnToolsVersion = 6.1.1;
					};
					5B428C661A960B9600C7283B = {
						CreatedOnToolsVersion = 6.1.1;
						TestTargetID = 5B428C4E1A960B9600C7283B;
					};
				};
			};
			buildConfigurationList = 5B64902A1A62BA1200812FFF /* Build configuration list for PBXProject "CATDatePicker" */;
			compatibilityVersion = "Xcode 3.2";
			developmentRegion = English;
			hasScannedForEncodings = 0;
			knownRegions = (
				en,
				Base,
			);
			mainGroup = 5B6490261A62BA1200812FFF;
			productRefGroup = 5B6490301A62BA1200812FFF /* Products */;
			projectDirPath = "";
			projectRoot = "";
			targets = (
				5B428C4E1A960B9600C7283B /* Demo */,
				5B428C661A960B9600C7283B /* DemoTests */,
			);
		};
/* End PBXProject section */

/* Begin PBXResourcesBuildPhase section */
		5B428C4D1A960B9600C7283B /* Resources */ = {
			isa = PBXResourcesBuildPhase;
			buildActionMask = 2147483647;
			files = (
				5B428C791A960C5200C7283B /* Main.storyboard in Resources */,
				5B428C621A960B9600C7283B /* LaunchScreen.xib in Resources */,
				5B428C5F1A960B9600C7283B /* Images.xcassets in Resources */,
			);
			runOnlyForDeploymentPostprocessing = 0;
		};
		5B428C651A960B9600C7283B /* Resources */ = {
			isa = PBXResourcesBuildPhase;
			buildActionMask = 2147483647;
			files = (
			);
			runOnlyForDeploymentPostprocessing = 0;
		};
/* End PBXResourcesBuildPhase section */

/* Begin PBXSourcesBuildPhase section */
		5B428C4B1A960B9600C7283B /* Sources */ = {
			isa = PBXSourcesBuildPhase;
			buildActionMask = 2147483647;
			files = (
				5B428C841A960C7400C7283B /* NSCalendar+CATKit.m in Sources */,
				5B428C781A960C5200C7283B /* CATCategoryViewController.m in Sources */,
				5B428C851A960C7400C7283B /* NSDate+CATKit.m in Sources */,
				5B428C571A960B9600C7283B /* AppDelegate.m in Sources */,
				5B428C821A960C7400C7283B /* CATDatePicker.m in Sources */,
				5B428C541A960B9600C7283B /* main.m in Sources */,
				5B428C831A960C7400C7283B /* CATDatePickerLayout.m in Sources */,
			);
			runOnlyForDeploymentPostprocessing = 0;
		};
		5B428C631A960B9600C7283B /* Sources */ = {
			isa = PBXSourcesBuildPhase;
			buildActionMask = 2147483647;
			files = (
				5B428C6E1A960B9700C7283B /* DemoTests.m in Sources */,
			);
			runOnlyForDeploymentPostprocessing = 0;
		};
/* End PBXSourcesBuildPhase section */

/* Begin PBXTargetDependency section */
		5B428C691A960B9600C7283B /* PBXTargetDependency */ = {
			isa = PBXTargetDependency;
			target = 5B428C4E1A960B9600C7283B /* Demo */;
			targetProxy = 5B428C681A960B9600C7283B /* PBXContainerItemProxy */;
		};
/* End PBXTargetDependency section */

/* Begin PBXVariantGroup section */
		5B428C601A960B9600C7283B /* LaunchScreen.xib */ = {
			isa = PBXVariantGroup;
			children = (
				5B428C611A960B9600C7283B /* Base */,
			);
			name = LaunchScreen.xib;
			sourceTree = "<group>";
		};
/* End PBXVariantGroup section */

/* Begin XCBuildConfiguration section */
		5B428C6F1A960B9700C7283B /* Debug */ = {
			isa = XCBuildConfiguration;
			buildSettings = {
				ASSETCATALOG_COMPILER_APPICON_NAME = AppIcon;
				GCC_PREPROCESSOR_DEFINITIONS = (
					"DEBUG=1",
					"$(inherited)",
				);
				INFOPLIST_FILE = Demo/Info.plist;
				LD_RUNPATH_SEARCH_PATHS = "$(inherited) @executable_path/Frameworks";
				PRODUCT_NAME = "$(TARGET_NAME)";
			};
			name = Debug;
		};
		5B428C701A960B9700C7283B /* Release */ = {
			isa = XCBuildConfiguration;
			buildSettings = {
				ASSETCATALOG_COMPILER_APPICON_NAME = AppIcon;
				INFOPLIST_FILE = Demo/Info.plist;
				LD_RUNPATH_SEARCH_PATHS = "$(inherited) @executable_path/Frameworks";
				PRODUCT_NAME = "$(TARGET_NAME)";
			};
			name = Release;
		};
		5B428C711A960B9700C7283B /* Debug */ = {
			isa = XCBuildConfiguration;
			buildSettings = {
				BUNDLE_LOADER = "$(TEST_HOST)";
				FRAMEWORK_SEARCH_PATHS = (
					"$(SDKROOT)/Developer/Library/Frameworks",
					"$(inherited)",
				);
				GCC_PREPROCESSOR_DEFINITIONS = (
					"DEBUG=1",
					"$(inherited)",
				);
				INFOPLIST_FILE = DemoTests/Info.plist;
				LD_RUNPATH_SEARCH_PATHS = "$(inherited) @executable_path/Frameworks @loader_path/Frameworks";
				PRODUCT_NAME = "$(TARGET_NAME)";
				TEST_HOST = "$(BUILT_PRODUCTS_DIR)/Demo.app/Demo";
			};
			name = Debug;
		};
		5B428C721A960B9700C7283B /* Release */ = {
			isa = XCBuildConfiguration;
			buildSettings = {
				BUNDLE_LOADER = "$(TEST_HOST)";
				FRAMEWORK_SEARCH_PATHS = (
					"$(SDKROOT)/Developer/Library/Frameworks",
					"$(inherited)",
				);
				INFOPLIST_FILE = DemoTests/Info.plist;
				LD_RUNPATH_SEARCH_PATHS = "$(inherited) @executable_path/Frameworks @loader_path/Frameworks";
				PRODUCT_NAME = "$(TARGET_NAME)";
				TEST_HOST = "$(BUILT_PRODUCTS_DIR)/Demo.app/Demo";
			};
			name = Release;
		};
		5B6490501A62BA1200812FFF /* Debug */ = {
			isa = XCBuildConfiguration;
			buildSettings = {
				ALWAYS_SEARCH_USER_PATHS = NO;
				CLANG_CXX_LANGUAGE_STANDARD = "gnu++0x";
				CLANG_CXX_LIBRARY = "libc++";
				CLANG_ENABLE_MODULES = YES;
				CLANG_ENABLE_OBJC_ARC = YES;
				CLANG_WARN_BOOL_CONVERSION = YES;
				CLANG_WARN_CONSTANT_CONVERSION = YES;
				CLANG_WARN_DIRECT_OBJC_ISA_USAGE = YES_ERROR;
				CLANG_WARN_EMPTY_BODY = YES;
				CLANG_WARN_ENUM_CONVERSION = YES;
				CLANG_WARN_INT_CONVERSION = YES;
				CLANG_WARN_OBJC_ROOT_CLASS = YES_ERROR;
				CLANG_WARN_UNREACHABLE_CODE = YES;
				CLANG_WARN__DUPLICATE_METHOD_MATCH = YES;
				"CODE_SIGN_IDENTITY[sdk=iphoneos*]" = "iPhone Developer";
				COPY_PHASE_STRIP = NO;
				ENABLE_STRICT_OBJC_MSGSEND = YES;
				GCC_C_LANGUAGE_STANDARD = gnu99;
				GCC_DYNAMIC_NO_PIC = NO;
				GCC_OPTIMIZATION_LEVEL = 0;
				GCC_PREPROCESSOR_DEFINITIONS = (
					"DEBUG=1",
					"$(inherited)",
				);
				GCC_SYMBOLS_PRIVATE_EXTERN = NO;
				GCC_WARN_64_TO_32_BIT_CONVERSION = YES;
				GCC_WARN_ABOUT_RETURN_TYPE = YES_ERROR;
				GCC_WARN_UNDECLARED_SELECTOR = YES;
				GCC_WARN_UNINITIALIZED_AUTOS = YES_AGGRESSIVE;
				GCC_WARN_UNUSED_FUNCTION = YES;
				GCC_WARN_UNUSED_VARIABLE = YES;
				IPHONEOS_DEPLOYMENT_TARGET = 8.1;
				MTL_ENABLE_DEBUG_INFO = YES;
				ONLY_ACTIVE_ARCH = YES;
				SDKROOT = iphoneos;
			};
			name = Debug;
		};
		5B6490511A62BA1200812FFF /* Release */ = {
			isa = XCBuildConfiguration;
			buildSettings = {
				ALWAYS_SEARCH_USER_PATHS = NO;
				CLANG_CXX_LANGUAGE_STANDARD = "gnu++0x";
				CLANG_CXX_LIBRARY = "libc++";
				CLANG_ENABLE_MODULES = YES;
				CLANG_ENABLE_OBJC_ARC = YES;
				CLANG_WARN_BOOL_CONVERSION = YES;
				CLANG_WARN_CONSTANT_CONVERSION = YES;
				CLANG_WARN_DIRECT_OBJC_ISA_USAGE = YES_ERROR;
				CLANG_WARN_EMPTY_BODY = YES;
				CLANG_WARN_ENUM_CONVERSION = YES;
				CLANG_WARN_INT_CONVERSION = YES;
				CLANG_WARN_OBJC_ROOT_CLASS = YES_ERROR;
				CLANG_WARN_UNREACHABLE_CODE = YES;
				CLANG_WARN__DUPLICATE_METHOD_MATCH = YES;
				"CODE_SIGN_IDENTITY[sdk=iphoneos*]" = "iPhone Developer";
				COPY_PHASE_STRIP = YES;
				ENABLE_NS_ASSERTIONS = NO;
				ENABLE_STRICT_OBJC_MSGSEND = YES;
				GCC_C_LANGUAGE_STANDARD = gnu99;
				GCC_WARN_64_TO_32_BIT_CONVERSION = YES;
				GCC_WARN_ABOUT_RETURN_TYPE = YES_ERROR;
				GCC_WARN_UNDECLARED_SELECTOR = YES;
				GCC_WARN_UNINITIALIZED_AUTOS = YES_AGGRESSIVE;
				GCC_WARN_UNUSED_FUNCTION = YES;
				GCC_WARN_UNUSED_VARIABLE = YES;
				IPHONEOS_DEPLOYMENT_TARGET = 8.1;
				MTL_ENABLE_DEBUG_INFO = NO;
				SDKROOT = iphoneos;
				VALIDATE_PRODUCT = YES;
			};
			name = Release;
		};
/* End XCBuildConfiguration section */

/* Begin XCConfigurationList section */
		5B428C731A960B9700C7283B /* Build configuration list for PBXNativeTarget "Demo" */ = {
			isa = XCConfigurationList;
			buildConfigurations = (
				5B428C6F1A960B9700C7283B /* Debug */,
				5B428C701A960B9700C7283B /* Release */,
			);
			defaultConfigurationIsVisible = 0;
			defaultConfigurationName = Release;
		};
		5B428C741A960B9700C7283B /* Build configuration list for PBXNativeTarget "DemoTests" */ = {
			isa = XCConfigurationList;
			buildConfigurations = (
				5B428C711A960B9700C7283B /* Debug */,
				5B428C721A960B9700C7283B /* Release */,
			);
			defaultConfigurationIsVisible = 0;
			defaultConfigurationName = Release;
		};
		5B64902A1A62BA1200812FFF /* Build configuration list for PBXProject "CATDatePicker" */ = {
			isa = XCConfigurationList;
			buildConfigurations = (
				5B6490501A62BA1200812FFF /* Debug */,
				5B6490511A62BA1200812FFF /* Release */,
			);
			defaultConfigurationIsVisible = 0;
			defaultConfigurationName = Release;
		};
/* End XCConfigurationList section */
	};
	rootObject = 5B6490271A62BA1200812FFF /* Project object */;
}
